// !$*UTF8*$!
{
	archiveVersion = 1;
	classes = {
	};
	objectVersion = 50;
	objects = {

/* Begin PBXGroup section */
		48E95A6C24C215E400806E47 = {
			isa = PBXGroup;
			children = (
			);
			sourceTree = "<group>";
		};
/* End PBXGroup section */

/* Begin PBXProject section */
		48E95A6D24C215E400806E47 /* Project object */ = {
			isa = PBXProject;
			attributes = {
				LastUpgradeCheck = 1160;
			};
			buildConfigurationList = 48E95A7024C215E400806E47 /* Build configuration list for PBXProject "Data_science_class" */;
			compatibilityVersion = "Xcode 9.3";
			developmentRegion = en;
			hasScannedForEncodings = 0;
			knownRegions = (
				en,
				Base,
			);
			mainGroup = 48E95A6C24C215E400806E47;
			projectDirPath = "";
			projectRoot = "";
			targets = (
			);
		};
/* End PBXProject section */

/* Begin XCBuildConfiguration section */
		48E95A7124C215E400806E47 /* Debug */ = {
			isa = XCBuildConfiguration;
			buildSettings = {
			};
			name = Debug;
		};
		48E95A7224C215E400806E47 /* Release */ = {
			isa = XCBuildConfiguration;
			buildSettings = {
			};
			name = Release;
		};
/* End XCBuildConfiguration section */

/* Begin XCConfigurationList section */
		48E95A7024C215E400806E47 /* Build configuration list for PBXProject "Data_science_class" */ = {
			isa = XCConfigurationList;
			buildConfigurations = (
				48E95A7124C215E400806E47 /* Debug */,
				48E95A7224C215E400806E47 /* Release */,
			);
			defaultConfigurationIsVisible = 0;
			defaultConfigurationName = Release;
		};
/* End XCConfigurationList section */
	};
	rootObject = 48E95A6D24C215E400806E47 /* Project object */;
}
